
Microsoft Visual Studio Solution File, Format Version 12.00
# Visual Studio Version 16
VisualStudioVersion = 16.0.32510.428
MinimumVisualStudioVersion = 10.0.40219.1
Project("{9A19103F-16F7-4668-BE54-9A1E7A4F7556}") = "FrackerHub.Entities", "FrackerHub.Entities\FrackerHub.Entities.csproj", "{B4533D18-0FE4-40B9-B441-DA1097556AF4}"
EndProject
Project("{9A19103F-16F7-4668-BE54-9A1E7A4F7556}") = "FrackerHub.Repositories", "FrackerHub.Repositories\FrackerHub.Repositories.csproj", "{BB47BC63-6F42-4D57-8E69-FE2582F61600}"
EndProject
Project("{9A19103F-16F7-4668-BE54-9A1E7A4F7556}") = "FrackerHub.WebUI", "FrackerHub.WebUI\FrackerHub.WebUI.csproj", "{24D84700-4962-4FBB-9B95-D07E95EE0474}"
EndProject
Project("{FAE04EC0-301F-11D3-BF4B-00C04F79EFBC}") = "FrackerHub.Services", "FrackerHub.Services\FrackerHub.Services.csproj", "{4616A29E-CBB3-4AA2-A8E7-26A22B98E8A0}"
EndProject
Global
	GlobalSection(SolutionConfigurationPlatforms) = preSolution
		Debug|Any CPU = Debug|Any CPU
		Release|Any CPU = Release|Any CPU
	EndGlobalSection
	GlobalSection(ProjectConfigurationPlatforms) = postSolution
		{B4533D18-0FE4-40B9-B441-DA1097556AF4}.Debug|Any CPU.ActiveCfg = Debug|Any CPU
		{B4533D18-0FE4-40B9-B441-DA1097556AF4}.Debug|Any CPU.Build.0 = Debug|Any CPU
		{B4533D18-0FE4-40B9-B441-DA1097556AF4}.Release|Any CPU.ActiveCfg = Release|Any CPU
		{B4533D18-0FE4-40B9-B441-DA1097556AF4}.Release|Any CPU.Build.0 = Release|Any CPU
		{BB47BC63-6F42-4D57-8E69-FE2582F61600}.Debug|Any CPU.ActiveCfg = Debug|Any CPU
		{BB47BC63-6F42-4D57-8E69-FE2582F61600}.Debug|Any CPU.Build.0 = Debug|Any CPU
		{BB47BC63-6F42-4D57-8E69-FE2582F61600}.Release|Any CPU.ActiveCfg = Release|Any CPU
		{BB47BC63-6F42-4D57-8E69-FE2582F61600}.Release|Any CPU.Build.0 = Release|Any CPU
		{24D84700-4962-4FBB-9B95-D07E95EE0474}.Debug|Any CPU.ActiveCfg = Debug|Any CPU
		{24D84700-4962-4FBB-9B95-D07E95EE0474}.Debug|Any CPU.Build.0 = Debug|Any CPU
		{24D84700-4962-4FBB-9B95-D07E95EE0474}.Release|Any CPU.ActiveCfg = Release|Any CPU
		{24D84700-4962-4FBB-9B95-D07E95EE0474}.Release|Any CPU.Build.0 = Release|Any CPU
		{4616A29E-CBB3-4AA2-A8E7-26A22B98E8A0}.Debug|Any CPU.ActiveCfg = Debug|Any CPU
		{4616A29E-CBB3-4AA2-A8E7-26A22B98E8A0}.Debug|Any CPU.Build.0 = Debug|Any CPU
		{4616A29E-CBB3-4AA2-A8E7-26A22B98E8A0}.Release|Any CPU.ActiveCfg = Release|Any CPU
		{4616A29E-CBB3-4AA2-A8E7-26A22B98E8A0}.Release|Any CPU.Build.0 = Release|Any CPU
	EndGlobalSection
	GlobalSection(SolutionProperties) = preSolution
		HideSolutionNode = FALSE
	EndGlobalSection
	GlobalSection(ExtensibilityGlobals) = postSolution
		SolutionGuid = {19DF8360-CD56-4607-9CF4-9F90A01CD5BC}
	EndGlobalSection
EndGlobal
